
Microsoft Visual Studio Solution File, Format Version 12.00
# Visual Studio Version 17
VisualStudioVersion = 17.11.35327.3
MinimumVisualStudioVersion = 10.0.40219.1
Project("{FAE04EC0-301F-11D3-BF4B-00C04F79EFBC}") = "SimConnectWrapper", "SimConnectWrapper\SimConnectWrapper.csproj", "{DB485A73-E205-43D0-851E-908E8FEB3006}"
EndProject
Global
	GlobalSection(SolutionConfigurationPlatforms) = preSolution
		Debug|Any CPU = Debug|Any CPU
		Release|Any CPU = Release|Any CPU
	EndGlobalSection
	GlobalSection(ProjectConfigurationPlatforms) = postSolution
		{DB485A73-E205-43D0-851E-908E8FEB3006}.Debug|Any CPU.ActiveCfg = Debug|Any CPU
		{DB485A73-E205-43D0-851E-908E8FEB3006}.Debug|Any CPU.Build.0 = Debug|Any CPU
		{DB485A73-E205-43D0-851E-908E8FEB3006}.Release|Any CPU.ActiveCfg = Release|Any CPU
		{DB485A73-E205-43D0-851E-908E8FEB3006}.Release|Any CPU.Build.0 = Release|Any CPU
	EndGlobalSection
	GlobalSection(SolutionProperties) = preSolution
		HideSolutionNode = FALSE
	EndGlobalSection
	GlobalSection(ExtensibilityGlobals) = postSolution
		SolutionGuid = {FBE6F00A-F71A-408A-8D82-750178D27C3B}
	EndGlobalSection
EndGlobal
